
Microsoft Visual Studio Solution File, Format Version 12.00
# Visual Studio 2012
Project("{FAE04EC0-301F-11D3-BF4B-00C04F79EFBC}") = "WebApplication1", "WebApplication1\WebApplication1.csproj", "{B1A73E22-E0A4-4E37-95E4-DCBB2CBC6081}"
EndProject
Global
	GlobalSection(SolutionConfigurationPlatforms) = preSolution
		Debug|Any CPU = Debug|Any CPU
		Release|Any CPU = Release|Any CPU
	EndGlobalSection
	GlobalSection(ProjectConfigurationPlatforms) = postSolution
		{B1A73E22-E0A4-4E37-95E4-DCBB2CBC6081}.Debug|Any CPU.ActiveCfg = Debug|Any CPU
		{B1A73E22-E0A4-4E37-95E4-DCBB2CBC6081}.Debug|Any CPU.Build.0 = Debug|Any CPU
		{B1A73E22-E0A4-4E37-95E4-DCBB2CBC6081}.Release|Any CPU.ActiveCfg = Release|Any CPU
		{B1A73E22-E0A4-4E37-95E4-DCBB2CBC6081}.Release|Any CPU.Build.0 = Release|Any CPU
	EndGlobalSection
	GlobalSection(SolutionProperties) = preSolution
		HideSolutionNode = FALSE
	EndGlobalSection
EndGlobal
